
Microsoft Visual Studio Solution File, Format Version 12.00
# Visual Studio 2012
Project("{E24C65DC-7377-472B-9ABA-BC803B73C61A}") = "Web_DienThoai", ".", "{1A87D016-853D-40A2-9D9A-565F3B5382FA}"
	ProjectSection(WebsiteProperties) = preProject
		TargetFrameworkMoniker = ".NETFramework,Version%3Dv4.5"
		Debug.AspNetCompiler.VirtualPath = "/Web_DienThoai"
		Debug.AspNetCompiler.PhysicalPath = "D:\LTWeb\DoAn\Web_DienThoai\"
		Debug.AspNetCompiler.TargetPath = "PrecompiledWeb\Web_DienThoai\"
		Debug.AspNetCompiler.Updateable = "true"
		Debug.AspNetCompiler.ForceOverwrite = "true"
		Debug.AspNetCompiler.FixedNames = "false"
		Debug.AspNetCompiler.Debug = "True"
		Release.AspNetCompiler.VirtualPath = "/Web_DienThoai"
		Release.AspNetCompiler.PhysicalPath = "D:\LTWeb\DoAn\Web_DienThoai\"
		Release.AspNetCompiler.TargetPath = "PrecompiledWeb\Web_DienThoai\"
		Release.AspNetCompiler.Updateable = "true"
		Release.AspNetCompiler.ForceOverwrite = "true"
		Release.AspNetCompiler.FixedNames = "false"
		Release.AspNetCompiler.Debug = "False"
		VWDPort = "52535"
	EndProjectSection
EndProject
Global
	GlobalSection(SolutionConfigurationPlatforms) = preSolution
		Debug|Any CPU = Debug|Any CPU
	EndGlobalSection
	GlobalSection(ProjectConfigurationPlatforms) = postSolution
		{1A87D016-853D-40A2-9D9A-565F3B5382FA}.Debug|Any CPU.ActiveCfg = Debug|Any CPU
		{1A87D016-853D-40A2-9D9A-565F3B5382FA}.Debug|Any CPU.Build.0 = Debug|Any CPU
	EndGlobalSection
	GlobalSection(SolutionProperties) = preSolution
		HideSolutionNode = FALSE
	EndGlobalSection
EndGlobal
